
Microsoft Visual Studio Solution File, Format Version 12.00
# Visual Studio Version 17
VisualStudioVersion = 17.14.36301.6
MinimumVisualStudioVersion = 10.0.40219.1
Project("{FAE04EC0-301F-11D3-BF4B-00C04F79EFBC}") = "CSharpClient", "CSharpClient\CSharpClient.csproj", "{9E2163B1-5095-4B64-89E6-CF947C46863E}"
EndProject
Project("{FAE04EC0-301F-11D3-BF4B-00C04F79EFBC}") = "Protocol", "..\Lib\AgentProtocol\Protocol.csproj", "{ECF59EEE-D33E-41EE-B2F8-B59BCDBA856F}"
EndProject
Global
	GlobalSection(SolutionConfigurationPlatforms) = preSolution
		Debug|Any CPU = Debug|Any CPU
		Release|Any CPU = Release|Any CPU
	EndGlobalSection
	GlobalSection(ProjectConfigurationPlatforms) = postSolution
		{9E2163B1-5095-4B64-89E6-CF947C46863E}.Debug|Any CPU.ActiveCfg = Debug|Any CPU
		{9E2163B1-5095-4B64-89E6-CF947C46863E}.Debug|Any CPU.Build.0 = Debug|Any CPU
		{9E2163B1-5095-4B64-89E6-CF947C46863E}.Release|Any CPU.ActiveCfg = Release|Any CPU
		{9E2163B1-5095-4B64-89E6-CF947C46863E}.Release|Any CPU.Build.0 = Release|Any CPU
		{ECF59EEE-D33E-41EE-B2F8-B59BCDBA856F}.Debug|Any CPU.ActiveCfg = Debug|Any CPU
		{ECF59EEE-D33E-41EE-B2F8-B59BCDBA856F}.Debug|Any CPU.Build.0 = Debug|Any CPU
		{ECF59EEE-D33E-41EE-B2F8-B59BCDBA856F}.Release|Any CPU.ActiveCfg = Release|Any CPU
		{ECF59EEE-D33E-41EE-B2F8-B59BCDBA856F}.Release|Any CPU.Build.0 = Release|Any CPU
	EndGlobalSection
	GlobalSection(SolutionProperties) = preSolution
		HideSolutionNode = FALSE
	EndGlobalSection
	GlobalSection(ExtensibilityGlobals) = postSolution
		SolutionGuid = {4FF2615A-2E8F-418A-A9FF-45B08EA67176}
	EndGlobalSection
EndGlobal
